// !$*UTF8*$!
{
	archiveVersion = 1;
	classes = {
	};
	objectVersion = 56;
	objects = {

/* Begin PBXBuildFile section */
		27381677221DB6428E4A901B /* Pods_desafio_carrefour.framework in Frameworks */ = {isa = PBXBuildFile; fileRef = D1CE934D2DCE74CA5C65585B /* Pods_desafio_carrefour.framework */; };
		C16C59462AB1E98C00B2575E /* AppDelegate.swift in Sources */ = {isa = PBXBuildFile; fileRef = C16C59452AB1E98C00B2575E /* AppDelegate.swift */; };
		C16C59482AB1E98C00B2575E /* SceneDelegate.swift in Sources */ = {isa = PBXBuildFile; fileRef = C16C59472AB1E98C00B2575E /* SceneDelegate.swift */; };
		C16C594F2AB1E98E00B2575E /* Assets.xcassets in Resources */ = {isa = PBXBuildFile; fileRef = C16C594E2AB1E98E00B2575E /* Assets.xcassets */; };
		C16C59522AB1E98E00B2575E /* LaunchScreen.storyboard in Resources */ = {isa = PBXBuildFile; fileRef = C16C59502AB1E98E00B2575E /* LaunchScreen.storyboard */; };
		C16C595D2AB1E98F00B2575E /* desafio_carrefourTests.swift in Sources */ = {isa = PBXBuildFile; fileRef = C16C595C2AB1E98F00B2575E /* desafio_carrefourTests.swift */; };
		C16C59672AB1E98F00B2575E /* desafio_carrefourUITests.swift in Sources */ = {isa = PBXBuildFile; fileRef = C16C59662AB1E98F00B2575E /* desafio_carrefourUITests.swift */; };
		C16C59692AB1E98F00B2575E /* desafio_carrefourUITestsLaunchTests.swift in Sources */ = {isa = PBXBuildFile; fileRef = C16C59682AB1E98F00B2575E /* desafio_carrefourUITestsLaunchTests.swift */; };
		C16C597B2AB1EDD000B2575E /* HomeViewController.swift in Sources */ = {isa = PBXBuildFile; fileRef = C16C597A2AB1EDD000B2575E /* HomeViewController.swift */; };
		C16C597C2AB1EDD000B2575E /* HomeViewController.swift in Sources */ = {isa = PBXBuildFile; fileRef = C16C597A2AB1EDD000B2575E /* HomeViewController.swift */; };
		C16C597D2AB1EDD000B2575E /* HomeViewController.swift in Sources */ = {isa = PBXBuildFile; fileRef = C16C597A2AB1EDD000B2575E /* HomeViewController.swift */; };
		C16C597F2AB1EE1800B2575E /* HomeView.xib in Resources */ = {isa = PBXBuildFile; fileRef = C16C597E2AB1EE1800B2575E /* HomeView.xib */; };
		C16C59802AB1EE1800B2575E /* HomeView.xib in Resources */ = {isa = PBXBuildFile; fileRef = C16C597E2AB1EE1800B2575E /* HomeView.xib */; };
		C16C59812AB1EE1800B2575E /* HomeView.xib in Resources */ = {isa = PBXBuildFile; fileRef = C16C597E2AB1EE1800B2575E /* HomeView.xib */; };
		C16C59832AB1EF3800B2575E /* HomeCoordinator.swift in Sources */ = {isa = PBXBuildFile; fileRef = C16C59822AB1EF3800B2575E /* HomeCoordinator.swift */; };
		C16C59842AB1EF3800B2575E /* HomeCoordinator.swift in Sources */ = {isa = PBXBuildFile; fileRef = C16C59822AB1EF3800B2575E /* HomeCoordinator.swift */; };
		C16C59852AB1EF3800B2575E /* HomeCoordinator.swift in Sources */ = {isa = PBXBuildFile; fileRef = C16C59822AB1EF3800B2575E /* HomeCoordinator.swift */; };
		C16C59872AB1F0C100B2575E /* HomeViewModel.swift in Sources */ = {isa = PBXBuildFile; fileRef = C16C59862AB1F0C100B2575E /* HomeViewModel.swift */; };
		C16C59882AB1F0C100B2575E /* HomeViewModel.swift in Sources */ = {isa = PBXBuildFile; fileRef = C16C59862AB1F0C100B2575E /* HomeViewModel.swift */; };
		C16C59892AB1F0C100B2575E /* HomeViewModel.swift in Sources */ = {isa = PBXBuildFile; fileRef = C16C59862AB1F0C100B2575E /* HomeViewModel.swift */; };
		C16C598C2AB1F26D00B2575E /* HomeCoordinatorTests.swift in Sources */ = {isa = PBXBuildFile; fileRef = C16C598B2AB1F26D00B2575E /* HomeCoordinatorTests.swift */; };
		C16C59922AB1FC3700B2575E /* .gitignore in Resources */ = {isa = PBXBuildFile; fileRef = C16C59912AB1FC3700B2575E /* .gitignore */; };
		C16C59932AB1FC3700B2575E /* .gitignore in Resources */ = {isa = PBXBuildFile; fileRef = C16C59912AB1FC3700B2575E /* .gitignore */; };
		C16C59942AB1FC3700B2575E /* .gitignore in Resources */ = {isa = PBXBuildFile; fileRef = C16C59912AB1FC3700B2575E /* .gitignore */; };
		C189995E2AB286D0009EC23B /* Repository.swift in Sources */ = {isa = PBXBuildFile; fileRef = C189995D2AB286D0009EC23B /* Repository.swift */; };
		C189995F2AB286D0009EC23B /* Repository.swift in Sources */ = {isa = PBXBuildFile; fileRef = C189995D2AB286D0009EC23B /* Repository.swift */; };
		C18999602AB286D0009EC23B /* Repository.swift in Sources */ = {isa = PBXBuildFile; fileRef = C189995D2AB286D0009EC23B /* Repository.swift */; };
		C18999622AB28876009EC23B /* RepositoriesViewModel.swift in Sources */ = {isa = PBXBuildFile; fileRef = C18999612AB28876009EC23B /* RepositoriesViewModel.swift */; };
		C18999632AB28876009EC23B /* RepositoriesViewModel.swift in Sources */ = {isa = PBXBuildFile; fileRef = C18999612AB28876009EC23B /* RepositoriesViewModel.swift */; };
		C18999642AB28876009EC23B /* RepositoriesViewModel.swift in Sources */ = {isa = PBXBuildFile; fileRef = C18999612AB28876009EC23B /* RepositoriesViewModel.swift */; };
		C18999662AB28B5B009EC23B /* RepositoryViewModel.swift in Sources */ = {isa = PBXBuildFile; fileRef = C18999652AB28B5B009EC23B /* RepositoryViewModel.swift */; };
		C18999672AB28B5B009EC23B /* RepositoryViewModel.swift in Sources */ = {isa = PBXBuildFile; fileRef = C18999652AB28B5B009EC23B /* RepositoryViewModel.swift */; };
		C18999682AB28B5B009EC23B /* RepositoryViewModel.swift in Sources */ = {isa = PBXBuildFile; fileRef = C18999652AB28B5B009EC23B /* RepositoryViewModel.swift */; };
		C189996E2AB28C97009EC23B /* RepositoriesViewController.swift in Sources */ = {isa = PBXBuildFile; fileRef = C189996D2AB28C97009EC23B /* RepositoriesViewController.swift */; };
		C189996F2AB28C97009EC23B /* RepositoriesViewController.swift in Sources */ = {isa = PBXBuildFile; fileRef = C189996D2AB28C97009EC23B /* RepositoriesViewController.swift */; };
		C18999702AB28C97009EC23B /* RepositoriesViewController.swift in Sources */ = {isa = PBXBuildFile; fileRef = C189996D2AB28C97009EC23B /* RepositoriesViewController.swift */; };
		C18999722AB28CAB009EC23B /* RepositoriesView.xib in Resources */ = {isa = PBXBuildFile; fileRef = C18999712AB28CAB009EC23B /* RepositoriesView.xib */; };
		C18999732AB28CAB009EC23B /* RepositoriesView.xib in Resources */ = {isa = PBXBuildFile; fileRef = C18999712AB28CAB009EC23B /* RepositoriesView.xib */; };
		C18999742AB28CAB009EC23B /* RepositoriesView.xib in Resources */ = {isa = PBXBuildFile; fileRef = C18999712AB28CAB009EC23B /* RepositoriesView.xib */; };
		C18999762AB28E1F009EC23B /* RepositoriesCoordinator.swift in Sources */ = {isa = PBXBuildFile; fileRef = C18999752AB28E1F009EC23B /* RepositoriesCoordinator.swift */; };
		C18999772AB28E1F009EC23B /* RepositoriesCoordinator.swift in Sources */ = {isa = PBXBuildFile; fileRef = C18999752AB28E1F009EC23B /* RepositoriesCoordinator.swift */; };
		C18999782AB28E1F009EC23B /* RepositoriesCoordinator.swift in Sources */ = {isa = PBXBuildFile; fileRef = C18999752AB28E1F009EC23B /* RepositoriesCoordinator.swift */; };
		C1D1F8A72AB22B4E00548639 /* GitHubAPI.swift in Sources */ = {isa = PBXBuildFile; fileRef = C1D1F8A62AB22B4E00548639 /* GitHubAPI.swift */; };
		C1D1F8A92AB23D7A00548639 /* User.swift in Sources */ = {isa = PBXBuildFile; fileRef = C1D1F8A82AB23D7A00548639 /* User.swift */; };
		C1D1F8AA2AB23D7A00548639 /* User.swift in Sources */ = {isa = PBXBuildFile; fileRef = C1D1F8A82AB23D7A00548639 /* User.swift */; };
		C1D1F8AB2AB23D7A00548639 /* User.swift in Sources */ = {isa = PBXBuildFile; fileRef = C1D1F8A82AB23D7A00548639 /* User.swift */; };
		C1D1F8AD2AB2483C00548639 /* UserViewModel.swift in Sources */ = {isa = PBXBuildFile; fileRef = C1D1F8AC2AB2483C00548639 /* UserViewModel.swift */; };
		C1D1F8AE2AB2483C00548639 /* UserViewModel.swift in Sources */ = {isa = PBXBuildFile; fileRef = C1D1F8AC2AB2483C00548639 /* UserViewModel.swift */; };
		C1D1F8AF2AB2483C00548639 /* UserViewModel.swift in Sources */ = {isa = PBXBuildFile; fileRef = C1D1F8AC2AB2483C00548639 /* UserViewModel.swift */; };
		C1D1F8B22AB24BEA00548639 /* HomeTableViewCell.swift in Sources */ = {isa = PBXBuildFile; fileRef = C1D1F8B02AB24BEA00548639 /* HomeTableViewCell.swift */; };
		C1D1F8B32AB24BEA00548639 /* HomeTableViewCell.swift in Sources */ = {isa = PBXBuildFile; fileRef = C1D1F8B02AB24BEA00548639 /* HomeTableViewCell.swift */; };
		C1D1F8B42AB24BEA00548639 /* HomeTableViewCell.swift in Sources */ = {isa = PBXBuildFile; fileRef = C1D1F8B02AB24BEA00548639 /* HomeTableViewCell.swift */; };
		C1D1F8B52AB24BEA00548639 /* HomeTableViewCell.xib in Resources */ = {isa = PBXBuildFile; fileRef = C1D1F8B12AB24BEA00548639 /* HomeTableViewCell.xib */; };
		C1D1F8B62AB24BEA00548639 /* HomeTableViewCell.xib in Resources */ = {isa = PBXBuildFile; fileRef = C1D1F8B12AB24BEA00548639 /* HomeTableViewCell.xib */; };
		C1D1F8B72AB24BEA00548639 /* HomeTableViewCell.xib in Resources */ = {isa = PBXBuildFile; fileRef = C1D1F8B12AB24BEA00548639 /* HomeTableViewCell.xib */; };
		C1FAA2F72AB255F80072B7E7 /* UIColor.swift in Sources */ = {isa = PBXBuildFile; fileRef = C1FAA2F62AB255F80072B7E7 /* UIColor.swift */; };
		C1FAA2FE2AB25D780072B7E7 /* UserDetail.swift in Sources */ = {isa = PBXBuildFile; fileRef = C1FAA2FD2AB25D780072B7E7 /* UserDetail.swift */; };
		C1FAA3002AB25DCF0072B7E7 /* UserDetailViewModel.swift in Sources */ = {isa = PBXBuildFile; fileRef = C1FAA2FF2AB25DCF0072B7E7 /* UserDetailViewModel.swift */; };
		C1FAA3012AB25DCF0072B7E7 /* UserDetailViewModel.swift in Sources */ = {isa = PBXBuildFile; fileRef = C1FAA2FF2AB25DCF0072B7E7 /* UserDetailViewModel.swift */; };
		C1FAA3022AB25DCF0072B7E7 /* UserDetailViewModel.swift in Sources */ = {isa = PBXBuildFile; fileRef = C1FAA2FF2AB25DCF0072B7E7 /* UserDetailViewModel.swift */; };
		C1FAA3032AB25DD30072B7E7 /* UserDetail.swift in Sources */ = {isa = PBXBuildFile; fileRef = C1FAA2FD2AB25D780072B7E7 /* UserDetail.swift */; };
		C1FAA3042AB25DD30072B7E7 /* UserDetail.swift in Sources */ = {isa = PBXBuildFile; fileRef = C1FAA2FD2AB25D780072B7E7 /* UserDetail.swift */; };
		C1FAA3052AB25DDF0072B7E7 /* UIColor.swift in Sources */ = {isa = PBXBuildFile; fileRef = C1FAA2F62AB255F80072B7E7 /* UIColor.swift */; };
		C1FAA3072AB25DE00072B7E7 /* UIColor.swift in Sources */ = {isa = PBXBuildFile; fileRef = C1FAA2F62AB255F80072B7E7 /* UIColor.swift */; };
		C1FAA3092AB261800072B7E7 /* UserDetailViewController.swift in Sources */ = {isa = PBXBuildFile; fileRef = C1FAA3082AB261800072B7E7 /* UserDetailViewController.swift */; };
		C1FAA30A2AB261800072B7E7 /* UserDetailViewController.swift in Sources */ = {isa = PBXBuildFile; fileRef = C1FAA3082AB261800072B7E7 /* UserDetailViewController.swift */; };
		C1FAA30B2AB261800072B7E7 /* UserDetailViewController.swift in Sources */ = {isa = PBXBuildFile; fileRef = C1FAA3082AB261800072B7E7 /* UserDetailViewController.swift */; };
		C1FAA30D2AB2622F0072B7E7 /* UserDetailView.xib in Resources */ = {isa = PBXBuildFile; fileRef = C1FAA30C2AB2622F0072B7E7 /* UserDetailView.xib */; };
		C1FAA30E2AB2622F0072B7E7 /* UserDetailView.xib in Resources */ = {isa = PBXBuildFile; fileRef = C1FAA30C2AB2622F0072B7E7 /* UserDetailView.xib */; };
		C1FAA30F2AB2622F0072B7E7 /* UserDetailView.xib in Resources */ = {isa = PBXBuildFile; fileRef = C1FAA30C2AB2622F0072B7E7 /* UserDetailView.xib */; };
		C1FAA3112AB262E00072B7E7 /* UserDetailCoordinator.swift in Sources */ = {isa = PBXBuildFile; fileRef = C1FAA3102AB262E00072B7E7 /* UserDetailCoordinator.swift */; };
		C1FAA3122AB262E00072B7E7 /* UserDetailCoordinator.swift in Sources */ = {isa = PBXBuildFile; fileRef = C1FAA3102AB262E00072B7E7 /* UserDetailCoordinator.swift */; };
		C1FAA3132AB262E00072B7E7 /* UserDetailCoordinator.swift in Sources */ = {isa = PBXBuildFile; fileRef = C1FAA3102AB262E00072B7E7 /* UserDetailCoordinator.swift */; };
		C1FAA3152AB281CA0072B7E7 /* String.swift in Sources */ = {isa = PBXBuildFile; fileRef = C1FAA3142AB281CA0072B7E7 /* String.swift */; };
		C1FAA3162AB281CA0072B7E7 /* String.swift in Sources */ = {isa = PBXBuildFile; fileRef = C1FAA3142AB281CA0072B7E7 /* String.swift */; };
		C1FAA3172AB281CA0072B7E7 /* String.swift in Sources */ = {isa = PBXBuildFile; fileRef = C1FAA3142AB281CA0072B7E7 /* String.swift */; };
/* End PBXBuildFile section */

/* Begin PBXContainerItemProxy section */
		C16C59592AB1E98F00B2575E /* PBXContainerItemProxy */ = {
			isa = PBXContainerItemProxy;
			containerPortal = C16C593A2AB1E98C00B2575E /* Project object */;
			proxyType = 1;
			remoteGlobalIDString = C16C59412AB1E98C00B2575E;
			remoteInfo = "desafio-carrefour";
		};
		C16C59632AB1E98F00B2575E /* PBXContainerItemProxy */ = {
			isa = PBXContainerItemProxy;
			containerPortal = C16C593A2AB1E98C00B2575E /* Project object */;
			proxyType = 1;
			remoteGlobalIDString = C16C59412AB1E98C00B2575E;
			remoteInfo = "desafio-carrefour";
		};
/* End PBXContainerItemProxy section */

/* Begin PBXFileReference section */
		5D74B280EA7301F73C651331 /* Pods-desafio-carrefour.debug.xcconfig */ = {isa = PBXFileReference; includeInIndex = 1; lastKnownFileType = text.xcconfig; name = "Pods-desafio-carrefour.debug.xcconfig"; path = "Target Support Files/Pods-desafio-carrefour/Pods-desafio-carrefour.debug.xcconfig"; sourceTree = "<group>"; };
		7F04A9501D68A8DC65AB72BD /* Pods-desafio-carrefour.release.xcconfig */ = {isa = PBXFileReference; includeInIndex = 1; lastKnownFileType = text.xcconfig; name = "Pods-desafio-carrefour.release.xcconfig"; path = "Target Support Files/Pods-desafio-carrefour/Pods-desafio-carrefour.release.xcconfig"; sourceTree = "<group>"; };
		C16C59422AB1E98C00B2575E /* desafio-carrefour.app */ = {isa = PBXFileReference; explicitFileType = wrapper.application; includeInIndex = 0; path = "desafio-carrefour.app"; sourceTree = BUILT_PRODUCTS_DIR; };
		C16C59452AB1E98C00B2575E /* AppDelegate.swift */ = {isa = PBXFileReference; lastKnownFileType = sourcecode.swift; path = AppDelegate.swift; sourceTree = "<group>"; };
		C16C59472AB1E98C00B2575E /* SceneDelegate.swift */ = {isa = PBXFileReference; lastKnownFileType = sourcecode.swift; path = SceneDelegate.swift; sourceTree = "<group>"; };
		C16C594E2AB1E98E00B2575E /* Assets.xcassets */ = {isa = PBXFileReference; lastKnownFileType = folder.assetcatalog; path = Assets.xcassets; sourceTree = "<group>"; };
		C16C59512AB1E98E00B2575E /* Base */ = {isa = PBXFileReference; lastKnownFileType = file.storyboard; name = Base; path = Base.lproj/LaunchScreen.storyboard; sourceTree = "<group>"; };
		C16C59532AB1E98E00B2575E /* Info.plist */ = {isa = PBXFileReference; lastKnownFileType = text.plist.xml; path = Info.plist; sourceTree = "<group>"; };
		C16C59582AB1E98F00B2575E /* desafio-carrefourTests.xctest */ = {isa = PBXFileReference; explicitFileType = wrapper.cfbundle; includeInIndex = 0; path = "desafio-carrefourTests.xctest"; sourceTree = BUILT_PRODUCTS_DIR; };
		C16C595C2AB1E98F00B2575E /* desafio_carrefourTests.swift */ = {isa = PBXFileReference; lastKnownFileType = sourcecode.swift; path = desafio_carrefourTests.swift; sourceTree = "<group>"; };
		C16C59622AB1E98F00B2575E /* desafio-carrefourUITests.xctest */ = {isa = PBXFileReference; explicitFileType = wrapper.cfbundle; includeInIndex = 0; path = "desafio-carrefourUITests.xctest"; sourceTree = BUILT_PRODUCTS_DIR; };
		C16C59662AB1E98F00B2575E /* desafio_carrefourUITests.swift */ = {isa = PBXFileReference; lastKnownFileType = sourcecode.swift; path = desafio_carrefourUITests.swift; sourceTree = "<group>"; };
		C16C59682AB1E98F00B2575E /* desafio_carrefourUITestsLaunchTests.swift */ = {isa = PBXFileReference; lastKnownFileType = sourcecode.swift; path = desafio_carrefourUITestsLaunchTests.swift; sourceTree = "<group>"; };
		C16C597A2AB1EDD000B2575E /* HomeViewController.swift */ = {isa = PBXFileReference; lastKnownFileType = sourcecode.swift; path = HomeViewController.swift; sourceTree = "<group>"; };
		C16C597E2AB1EE1800B2575E /* HomeView.xib */ = {isa = PBXFileReference; lastKnownFileType = file.xib; path = HomeView.xib; sourceTree = "<group>"; };
		C16C59822AB1EF3800B2575E /* HomeCoordinator.swift */ = {isa = PBXFileReference; lastKnownFileType = sourcecode.swift; path = HomeCoordinator.swift; sourceTree = "<group>"; };
		C16C59862AB1F0C100B2575E /* HomeViewModel.swift */ = {isa = PBXFileReference; lastKnownFileType = sourcecode.swift; path = HomeViewModel.swift; sourceTree = "<group>"; };
		C16C598B2AB1F26D00B2575E /* HomeCoordinatorTests.swift */ = {isa = PBXFileReference; lastKnownFileType = sourcecode.swift; path = HomeCoordinatorTests.swift; sourceTree = "<group>"; };
		C16C59912AB1FC3700B2575E /* .gitignore */ = {isa = PBXFileReference; lastKnownFileType = text; path = .gitignore; sourceTree = "<group>"; };
		C189995D2AB286D0009EC23B /* Repository.swift */ = {isa = PBXFileReference; lastKnownFileType = sourcecode.swift; path = Repository.swift; sourceTree = "<group>"; };
		C18999612AB28876009EC23B /* RepositoriesViewModel.swift */ = {isa = PBXFileReference; lastKnownFileType = sourcecode.swift; path = RepositoriesViewModel.swift; sourceTree = "<group>"; };
		C18999652AB28B5B009EC23B /* RepositoryViewModel.swift */ = {isa = PBXFileReference; lastKnownFileType = sourcecode.swift; path = RepositoryViewModel.swift; sourceTree = "<group>"; };
		C189996D2AB28C97009EC23B /* RepositoriesViewController.swift */ = {isa = PBXFileReference; lastKnownFileType = sourcecode.swift; path = RepositoriesViewController.swift; sourceTree = "<group>"; };
		C18999712AB28CAB009EC23B /* RepositoriesView.xib */ = {isa = PBXFileReference; lastKnownFileType = file.xib; path = RepositoriesView.xib; sourceTree = "<group>"; };
		C18999752AB28E1F009EC23B /* RepositoriesCoordinator.swift */ = {isa = PBXFileReference; lastKnownFileType = sourcecode.swift; path = RepositoriesCoordinator.swift; sourceTree = "<group>"; };
		C1D1F8A62AB22B4E00548639 /* GitHubAPI.swift */ = {isa = PBXFileReference; lastKnownFileType = sourcecode.swift; path = GitHubAPI.swift; sourceTree = "<group>"; };
		C1D1F8A82AB23D7A00548639 /* User.swift */ = {isa = PBXFileReference; lastKnownFileType = sourcecode.swift; path = User.swift; sourceTree = "<group>"; };
		C1D1F8AC2AB2483C00548639 /* UserViewModel.swift */ = {isa = PBXFileReference; lastKnownFileType = sourcecode.swift; path = UserViewModel.swift; sourceTree = "<group>"; };
		C1D1F8B02AB24BEA00548639 /* HomeTableViewCell.swift */ = {isa = PBXFileReference; lastKnownFileType = sourcecode.swift; path = HomeTableViewCell.swift; sourceTree = "<group>"; };
		C1D1F8B12AB24BEA00548639 /* HomeTableViewCell.xib */ = {isa = PBXFileReference; lastKnownFileType = file.xib; path = HomeTableViewCell.xib; sourceTree = "<group>"; };
		C1FAA2F62AB255F80072B7E7 /* UIColor.swift */ = {isa = PBXFileReference; lastKnownFileType = sourcecode.swift; path = UIColor.swift; sourceTree = "<group>"; };
		C1FAA2FD2AB25D780072B7E7 /* UserDetail.swift */ = {isa = PBXFileReference; lastKnownFileType = sourcecode.swift; path = UserDetail.swift; sourceTree = "<group>"; };
		C1FAA2FF2AB25DCF0072B7E7 /* UserDetailViewModel.swift */ = {isa = PBXFileReference; lastKnownFileType = sourcecode.swift; path = UserDetailViewModel.swift; sourceTree = "<group>"; };
		C1FAA3082AB261800072B7E7 /* UserDetailViewController.swift */ = {isa = PBXFileReference; lastKnownFileType = sourcecode.swift; path = UserDetailViewController.swift; sourceTree = "<group>"; };
		C1FAA30C2AB2622F0072B7E7 /* UserDetailView.xib */ = {isa = PBXFileReference; lastKnownFileType = file.xib; path = UserDetailView.xib; sourceTree = "<group>"; };
		C1FAA3102AB262E00072B7E7 /* UserDetailCoordinator.swift */ = {isa = PBXFileReference; lastKnownFileType = sourcecode.swift; path = UserDetailCoordinator.swift; sourceTree = "<group>"; };
		C1FAA3142AB281CA0072B7E7 /* String.swift */ = {isa = PBXFileReference; lastKnownFileType = sourcecode.swift; path = String.swift; sourceTree = "<group>"; };
		D1CE934D2DCE74CA5C65585B /* Pods_desafio_carrefour.framework */ = {isa = PBXFileReference; explicitFileType = wrapper.framework; includeInIndex = 0; path = Pods_desafio_carrefour.framework; sourceTree = BUILT_PRODUCTS_DIR; };
/* End PBXFileReference section */

/* Begin PBXFrameworksBuildPhase section */
		C16C593F2AB1E98C00B2575E /* Frameworks */ = {
			isa = PBXFrameworksBuildPhase;
			buildActionMask = 2147483647;
			files = (
				27381677221DB6428E4A901B /* Pods_desafio_carrefour.framework in Frameworks */,
			);
			runOnlyForDeploymentPostprocessing = 0;
		};
		C16C59552AB1E98F00B2575E /* Frameworks */ = {
			isa = PBXFrameworksBuildPhase;
			buildActionMask = 2147483647;
			files = (
			);
			runOnlyForDeploymentPostprocessing = 0;
		};
		C16C595F2AB1E98F00B2575E /* Frameworks */ = {
			isa = PBXFrameworksBuildPhase;
			buildActionMask = 2147483647;
			files = (
			);
			runOnlyForDeploymentPostprocessing = 0;
		};
/* End PBXFrameworksBuildPhase section */

/* Begin PBXGroup section */
		1FBE4813EF7012079F09E331 /* Pods */ = {
			isa = PBXGroup;
			children = (
				5D74B280EA7301F73C651331 /* Pods-desafio-carrefour.debug.xcconfig */,
				7F04A9501D68A8DC65AB72BD /* Pods-desafio-carrefour.release.xcconfig */,
			);
			path = Pods;
			sourceTree = "<group>";
		};
		47496B3CF4192F8459263AA5 /* Frameworks */ = {
			isa = PBXGroup;
			children = (
				D1CE934D2DCE74CA5C65585B /* Pods_desafio_carrefour.framework */,
			);
			name = Frameworks;
			sourceTree = "<group>";
		};
		C16C59392AB1E98C00B2575E = {
			isa = PBXGroup;
			children = (
				C16C59442AB1E98C00B2575E /* desafio-carrefour */,
				C16C595B2AB1E98F00B2575E /* desafio-carrefourTests */,
				C16C59652AB1E98F00B2575E /* desafio-carrefourUITests */,
				C16C59912AB1FC3700B2575E /* .gitignore */,
				C16C59432AB1E98C00B2575E /* Products */,
				1FBE4813EF7012079F09E331 /* Pods */,
				47496B3CF4192F8459263AA5 /* Frameworks */,
			);
			sourceTree = "<group>";
		};
		C16C59432AB1E98C00B2575E /* Products */ = {
			isa = PBXGroup;
			children = (
				C16C59422AB1E98C00B2575E /* desafio-carrefour.app */,
				C16C59582AB1E98F00B2575E /* desafio-carrefourTests.xctest */,
				C16C59622AB1E98F00B2575E /* desafio-carrefourUITests.xctest */,
			);
			name = Products;
			sourceTree = "<group>";
		};
		C16C59442AB1E98C00B2575E /* desafio-carrefour */ = {
			isa = PBXGroup;
			children = (
				C1D1F8A42AB22A1D00548639 /* API */,
				C1FAA2F52AB255C50072B7E7 /* Util */,
				C18999582AB28577009EC23B /* Repositories */,
				C1FAA2F82AB25C480072B7E7 /* UserDetail */,
				C16C59752AB1E9AD00B2575E /* Home */,
				C16C59452AB1E98C00B2575E /* AppDelegate.swift */,
				C16C59472AB1E98C00B2575E /* SceneDelegate.swift */,
				C16C594E2AB1E98E00B2575E /* Assets.xcassets */,
				C16C59502AB1E98E00B2575E /* LaunchScreen.storyboard */,
				C16C59532AB1E98E00B2575E /* Info.plist */,
			);
			path = "desafio-carrefour";
			sourceTree = "<group>";
		};
		C16C595B2AB1E98F00B2575E /* desafio-carrefourTests */ = {
			isa = PBXGroup;
			children = (
				C16C598A2AB1F20800B2575E /* Home */,
				C16C595C2AB1E98F00B2575E /* desafio_carrefourTests.swift */,
			);
			path = "desafio-carrefourTests";
			sourceTree = "<group>";
		};
		C16C59652AB1E98F00B2575E /* desafio-carrefourUITests */ = {
			isa = PBXGroup;
			children = (
				C16C59662AB1E98F00B2575E /* desafio_carrefourUITests.swift */,
				C16C59682AB1E98F00B2575E /* desafio_carrefourUITestsLaunchTests.swift */,
			);
			path = "desafio-carrefourUITests";
			sourceTree = "<group>";
		};
		C16C59752AB1E9AD00B2575E /* Home */ = {
			isa = PBXGroup;
			children = (
				C16C59792AB1ECCD00B2575E /* Coordinators */,
				C16C59782AB1EB2C00B2575E /* Models */,
				C16C59772AB1EB1D00B2575E /* ViewModels */,
				C16C59762AB1EB0F00B2575E /* Views */,
			);
			path = Home;
			sourceTree = "<group>";
		};
		C16C59762AB1EB0F00B2575E /* Views */ = {
			isa = PBXGroup;
			children = (
				C16C597A2AB1EDD000B2575E /* HomeViewController.swift */,
				C16C597E2AB1EE1800B2575E /* HomeView.xib */,
				C1D1F8B02AB24BEA00548639 /* HomeTableViewCell.swift */,
				C1D1F8B12AB24BEA00548639 /* HomeTableViewCell.xib */,
			);
			path = Views;
			sourceTree = "<group>";
		};
		C16C59772AB1EB1D00B2575E /* ViewModels */ = {
			isa = PBXGroup;
			children = (
				C1D1F8AC2AB2483C00548639 /* UserViewModel.swift */,
				C16C59862AB1F0C100B2575E /* HomeViewModel.swift */,
			);
			path = ViewModels;
			sourceTree = "<group>";
		};
		C16C59782AB1EB2C00B2575E /* Models */ = {
			isa = PBXGroup;
			children = (
				C1D1F8A82AB23D7A00548639 /* User.swift */,
			);
			path = Models;
			sourceTree = "<group>";
		};
		C16C59792AB1ECCD00B2575E /* Coordinators */ = {
			isa = PBXGroup;
			children = (
				C16C59822AB1EF3800B2575E /* HomeCoordinator.swift */,
			);
			path = Coordinators;
			sourceTree = "<group>";
		};
		C16C598A2AB1F20800B2575E /* Home */ = {
			isa = PBXGroup;
			children = (
				C16C598B2AB1F26D00B2575E /* HomeCoordinatorTests.swift */,
			);
			path = Home;
			sourceTree = "<group>";
		};
		C18999582AB28577009EC23B /* Repositories */ = {
			isa = PBXGroup;
			children = (
				C18999592AB285B9009EC23B /* Coordinators */,
				C189995C2AB285D1009EC23B /* Models */,
				C189995B2AB285CA009EC23B /* ViewModels */,
				C189995A2AB285C3009EC23B /* Views */,
			);
			path = Repositories;
			sourceTree = "<group>";
		};
		C18999592AB285B9009EC23B /* Coordinators */ = {
			isa = PBXGroup;
			children = (
				C18999752AB28E1F009EC23B /* RepositoriesCoordinator.swift */,
			);
			path = Coordinators;
			sourceTree = "<group>";
		};
		C189995A2AB285C3009EC23B /* Views */ = {
			isa = PBXGroup;
			children = (
				C189996D2AB28C97009EC23B /* RepositoriesViewController.swift */,
				C18999712AB28CAB009EC23B /* RepositoriesView.xib */,
			);
			path = Views;
			sourceTree = "<group>";
		};
		C189995B2AB285CA009EC23B /* ViewModels */ = {
			isa = PBXGroup;
			children = (
				C18999612AB28876009EC23B /* RepositoriesViewModel.swift */,
				C18999652AB28B5B009EC23B /* RepositoryViewModel.swift */,
			);
			path = ViewModels;
			sourceTree = "<group>";
		};
		C189995C2AB285D1009EC23B /* Models */ = {
			isa = PBXGroup;
			children = (
				C189995D2AB286D0009EC23B /* Repository.swift */,
			);
			path = Models;
			sourceTree = "<group>";
		};
		C1D1F8A42AB22A1D00548639 /* API */ = {
			isa = PBXGroup;
			children = (
				C1D1F8A52AB22A3E00548639 /* GitHub */,
			);
			path = API;
			sourceTree = "<group>";
		};
		C1D1F8A52AB22A3E00548639 /* GitHub */ = {
			isa = PBXGroup;
			children = (
				C1D1F8A62AB22B4E00548639 /* GitHubAPI.swift */,
			);
			path = GitHub;
			sourceTree = "<group>";
		};
		C1FAA2F52AB255C50072B7E7 /* Util */ = {
			isa = PBXGroup;
			children = (
				C1FAA2F62AB255F80072B7E7 /* UIColor.swift */,
				C1FAA3142AB281CA0072B7E7 /* String.swift */,
			);
			path = Util;
			sourceTree = "<group>";
		};
		C1FAA2F82AB25C480072B7E7 /* UserDetail */ = {
			isa = PBXGroup;
			children = (
				C1FAA2FC2AB25C7D0072B7E7 /* Coordinators */,
				C1FAA2FB2AB25C6F0072B7E7 /* Models */,
				C1FAA2FA2AB25C660072B7E7 /* ViewModels */,
				C1FAA2F92AB25C600072B7E7 /* Views */,
			);
			path = UserDetail;
			sourceTree = "<group>";
		};
		C1FAA2F92AB25C600072B7E7 /* Views */ = {
			isa = PBXGroup;
			children = (
				C1FAA3082AB261800072B7E7 /* UserDetailViewController.swift */,
				C1FAA30C2AB2622F0072B7E7 /* UserDetailView.xib */,
			);
			path = Views;
			sourceTree = "<group>";
		};
		C1FAA2FA2AB25C660072B7E7 /* ViewModels */ = {
			isa = PBXGroup;
			children = (
				C1FAA2FF2AB25DCF0072B7E7 /* UserDetailViewModel.swift */,
			);
			path = ViewModels;
			sourceTree = "<group>";
		};
		C1FAA2FB2AB25C6F0072B7E7 /* Models */ = {
			isa = PBXGroup;
			children = (
				C1FAA2FD2AB25D780072B7E7 /* UserDetail.swift */,
			);
			path = Models;
			sourceTree = "<group>";
		};
		C1FAA2FC2AB25C7D0072B7E7 /* Coordinators */ = {
			isa = PBXGroup;
			children = (
				C1FAA3102AB262E00072B7E7 /* UserDetailCoordinator.swift */,
			);
			path = Coordinators;
			sourceTree = "<group>";
		};
/* End PBXGroup section */

/* Begin PBXNativeTarget section */
		C16C59412AB1E98C00B2575E /* desafio-carrefour */ = {
			isa = PBXNativeTarget;
			buildConfigurationList = C16C596C2AB1E98F00B2575E /* Build configuration list for PBXNativeTarget "desafio-carrefour" */;
			buildPhases = (
				74291A0C38DA9466C0728595 /* [CP] Check Pods Manifest.lock */,
				C16C593E2AB1E98C00B2575E /* Sources */,
				C16C593F2AB1E98C00B2575E /* Frameworks */,
				C16C59402AB1E98C00B2575E /* Resources */,
				528A705726B612D27CEC21FE /* [CP] Embed Pods Frameworks */,
			);
			buildRules = (
			);
			dependencies = (
			);
			name = "desafio-carrefour";
			productName = "desafio-carrefour";
			productReference = C16C59422AB1E98C00B2575E /* desafio-carrefour.app */;
			productType = "com.apple.product-type.application";
		};
		C16C59572AB1E98F00B2575E /* desafio-carrefourTests */ = {
			isa = PBXNativeTarget;
			buildConfigurationList = C16C596F2AB1E98F00B2575E /* Build configuration list for PBXNativeTarget "desafio-carrefourTests" */;
			buildPhases = (
				C16C59542AB1E98F00B2575E /* Sources */,
				C16C59552AB1E98F00B2575E /* Frameworks */,
				C16C59562AB1E98F00B2575E /* Resources */,
			);
			buildRules = (
			);
			dependencies = (
				C16C595A2AB1E98F00B2575E /* PBXTargetDependency */,
			);
			name = "desafio-carrefourTests";
			productName = "desafio-carrefourTests";
			productReference = C16C59582AB1E98F00B2575E /* desafio-carrefourTests.xctest */;
			productType = "com.apple.product-type.bundle.unit-test";
		};
		C16C59612AB1E98F00B2575E /* desafio-carrefourUITests */ = {
			isa = PBXNativeTarget;
			buildConfigurationList = C16C59722AB1E98F00B2575E /* Build configuration list for PBXNativeTarget "desafio-carrefourUITests" */;
			buildPhases = (
				C16C595E2AB1E98F00B2575E /* Sources */,
				C16C595F2AB1E98F00B2575E /* Frameworks */,
				C16C59602AB1E98F00B2575E /* Resources */,
			);
			buildRules = (
			);
			dependencies = (
				C16C59642AB1E98F00B2575E /* PBXTargetDependency */,
			);
			name = "desafio-carrefourUITests";
			productName = "desafio-carrefourUITests";
			productReference = C16C59622AB1E98F00B2575E /* desafio-carrefourUITests.xctest */;
			productType = "com.apple.product-type.bundle.ui-testing";
		};
/* End PBXNativeTarget section */

/* Begin PBXProject section */
		C16C593A2AB1E98C00B2575E /* Project object */ = {
			isa = PBXProject;
			attributes = {
				BuildIndependentTargetsInParallel = 1;
				LastSwiftUpdateCheck = 1430;
				LastUpgradeCheck = 1430;
				TargetAttributes = {
					C16C59412AB1E98C00B2575E = {
						CreatedOnToolsVersion = 14.3.1;
					};
					C16C59572AB1E98F00B2575E = {
						CreatedOnToolsVersion = 14.3.1;
						TestTargetID = C16C59412AB1E98C00B2575E;
					};
					C16C59612AB1E98F00B2575E = {
						CreatedOnToolsVersion = 14.3.1;
						TestTargetID = C16C59412AB1E98C00B2575E;
					};
				};
			};
			buildConfigurationList = C16C593D2AB1E98C00B2575E /* Build configuration list for PBXProject "desafio-carrefour" */;
			compatibilityVersion = "Xcode 14.0";
			developmentRegion = en;
			hasScannedForEncodings = 0;
			knownRegions = (
				en,
				Base,
			);
			mainGroup = C16C59392AB1E98C00B2575E;
			productRefGroup = C16C59432AB1E98C00B2575E /* Products */;
			projectDirPath = "";
			projectRoot = "";
			targets = (
				C16C59412AB1E98C00B2575E /* desafio-carrefour */,
				C16C59572AB1E98F00B2575E /* desafio-carrefourTests */,
				C16C59612AB1E98F00B2575E /* desafio-carrefourUITests */,
			);
		};
/* End PBXProject section */

/* Begin PBXResourcesBuildPhase section */
		C16C59402AB1E98C00B2575E /* Resources */ = {
			isa = PBXResourcesBuildPhase;
			buildActionMask = 2147483647;
			files = (
				C1FAA30D2AB2622F0072B7E7 /* UserDetailView.xib in Resources */,
				C16C59922AB1FC3700B2575E /* .gitignore in Resources */,
				C16C59522AB1E98E00B2575E /* LaunchScreen.storyboard in Resources */,
				C16C594F2AB1E98E00B2575E /* Assets.xcassets in Resources */,
				C1D1F8B52AB24BEA00548639 /* HomeTableViewCell.xib in Resources */,
				C16C597F2AB1EE1800B2575E /* HomeView.xib in Resources */,
				C18999722AB28CAB009EC23B /* RepositoriesView.xib in Resources */,
			);
			runOnlyForDeploymentPostprocessing = 0;
		};
		C16C59562AB1E98F00B2575E /* Resources */ = {
			isa = PBXResourcesBuildPhase;
			buildActionMask = 2147483647;
			files = (
				C1FAA30E2AB2622F0072B7E7 /* UserDetailView.xib in Resources */,
				C16C59932AB1FC3700B2575E /* .gitignore in Resources */,
				C1D1F8B62AB24BEA00548639 /* HomeTableViewCell.xib in Resources */,
				C16C59802AB1EE1800B2575E /* HomeView.xib in Resources */,
				C18999732AB28CAB009EC23B /* RepositoriesView.xib in Resources */,
			);
			runOnlyForDeploymentPostprocessing = 0;
		};
		C16C59602AB1E98F00B2575E /* Resources */ = {
			isa = PBXResourcesBuildPhase;
			buildActionMask = 2147483647;
			files = (
				C1FAA30F2AB2622F0072B7E7 /* UserDetailView.xib in Resources */,
				C16C59942AB1FC3700B2575E /* .gitignore in Resources */,
				C1D1F8B72AB24BEA00548639 /* HomeTableViewCell.xib in Resources */,
				C16C59812AB1EE1800B2575E /* HomeView.xib in Resources */,
				C18999742AB28CAB009EC23B /* RepositoriesView.xib in Resources */,
			);
			runOnlyForDeploymentPostprocessing = 0;
		};
/* End PBXResourcesBuildPhase section */

/* Begin PBXShellScriptBuildPhase section */
		528A705726B612D27CEC21FE /* [CP] Embed Pods Frameworks */ = {
			isa = PBXShellScriptBuildPhase;
			buildActionMask = 2147483647;
			files = (
			);
			inputFileListPaths = (
				"${PODS_ROOT}/Target Support Files/Pods-desafio-carrefour/Pods-desafio-carrefour-frameworks-${CONFIGURATION}-input-files.xcfilelist",
			);
			name = "[CP] Embed Pods Frameworks";
			outputFileListPaths = (
				"${PODS_ROOT}/Target Support Files/Pods-desafio-carrefour/Pods-desafio-carrefour-frameworks-${CONFIGURATION}-output-files.xcfilelist",
			);
			runOnlyForDeploymentPostprocessing = 0;
			shellPath = /bin/sh;
			shellScript = "\"${PODS_ROOT}/Target Support Files/Pods-desafio-carrefour/Pods-desafio-carrefour-frameworks.sh\"\n";
			showEnvVarsInLog = 0;
		};
		74291A0C38DA9466C0728595 /* [CP] Check Pods Manifest.lock */ = {
			isa = PBXShellScriptBuildPhase;
			buildActionMask = 2147483647;
			files = (
			);
			inputFileListPaths = (
			);
			inputPaths = (
				"${PODS_PODFILE_DIR_PATH}/Podfile.lock",
				"${PODS_ROOT}/Manifest.lock",
			);
			name = "[CP] Check Pods Manifest.lock";
			outputFileListPaths = (
			);
			outputPaths = (
				"$(DERIVED_FILE_DIR)/Pods-desafio-carrefour-checkManifestLockResult.txt",
			);
			runOnlyForDeploymentPostprocessing = 0;
			shellPath = /bin/sh;
			shellScript = "diff \"${PODS_PODFILE_DIR_PATH}/Podfile.lock\" \"${PODS_ROOT}/Manifest.lock\" > /dev/null\nif [ $? != 0 ] ; then\n    # print error to STDERR\n    echo \"error: The sandbox is not in sync with the Podfile.lock. Run 'pod install' or update your CocoaPods installation.\" >&2\n    exit 1\nfi\n# This output is used by Xcode 'outputs' to avoid re-running this script phase.\necho \"SUCCESS\" > \"${SCRIPT_OUTPUT_FILE_0}\"\n";
			showEnvVarsInLog = 0;
		};
/* End PBXShellScriptBuildPhase section */

/* Begin PBXSourcesBuildPhase section */
		C16C593E2AB1E98C00B2575E /* Sources */ = {
			isa = PBXSourcesBuildPhase;
			buildActionMask = 2147483647;
			files = (
				C189996E2AB28C97009EC23B /* RepositoriesViewController.swift in Sources */,
				C16C59462AB1E98C00B2575E /* AppDelegate.swift in Sources */,
				C1D1F8AD2AB2483C00548639 /* UserViewModel.swift in Sources */,
				C1FAA3092AB261800072B7E7 /* UserDetailViewController.swift in Sources */,
				C1D1F8A72AB22B4E00548639 /* GitHubAPI.swift in Sources */,
				C16C59832AB1EF3800B2575E /* HomeCoordinator.swift in Sources */,
				C16C59482AB1E98C00B2575E /* SceneDelegate.swift in Sources */,
				C16C59872AB1F0C100B2575E /* HomeViewModel.swift in Sources */,
				C18999762AB28E1F009EC23B /* RepositoriesCoordinator.swift in Sources */,
				C1FAA3002AB25DCF0072B7E7 /* UserDetailViewModel.swift in Sources */,
				C1FAA3112AB262E00072B7E7 /* UserDetailCoordinator.swift in Sources */,
				C18999662AB28B5B009EC23B /* RepositoryViewModel.swift in Sources */,
				C1D1F8B22AB24BEA00548639 /* HomeTableViewCell.swift in Sources */,
				C16C597B2AB1EDD000B2575E /* HomeViewController.swift in Sources */,
				C189995E2AB286D0009EC23B /* Repository.swift in Sources */,
				C1D1F8A92AB23D7A00548639 /* User.swift in Sources */,
				C1FAA3152AB281CA0072B7E7 /* String.swift in Sources */,
				C1FAA2F72AB255F80072B7E7 /* UIColor.swift in Sources */,
				C18999622AB28876009EC23B /* RepositoriesViewModel.swift in Sources */,
				C1FAA2FE2AB25D780072B7E7 /* UserDetail.swift in Sources */,
			);
			runOnlyForDeploymentPostprocessing = 0;
		};
		C16C59542AB1E98F00B2575E /* Sources */ = {
			isa = PBXSourcesBuildPhase;
			buildActionMask = 2147483647;
			files = (
				C18999672AB28B5B009EC23B /* RepositoryViewModel.swift in Sources */,
				C18999632AB28876009EC23B /* RepositoriesViewModel.swift in Sources */,
				C1FAA3012AB25DCF0072B7E7 /* UserDetailViewModel.swift in Sources */,
				C16C595D2AB1E98F00B2575E /* desafio_carrefourTests.swift in Sources */,
				C189996F2AB28C97009EC23B /* RepositoriesViewController.swift in Sources */,
				C189995F2AB286D0009EC23B /* Repository.swift in Sources */,
				C1FAA30A2AB261800072B7E7 /* UserDetailViewController.swift in Sources */,
				C16C598C2AB1F26D00B2575E /* HomeCoordinatorTests.swift in Sources */,
				C1FAA3162AB281CA0072B7E7 /* String.swift in Sources */,
				C1FAA3032AB25DD30072B7E7 /* UserDetail.swift in Sources */,
				C1D1F8AA2AB23D7A00548639 /* User.swift in Sources */,
				C16C597C2AB1EDD000B2575E /* HomeViewController.swift in Sources */,
				C16C59842AB1EF3800B2575E /* HomeCoordinator.swift in Sources */,
				C1FAA3052AB25DDF0072B7E7 /* UIColor.swift in Sources */,
				C18999772AB28E1F009EC23B /* RepositoriesCoordinator.swift in Sources */,
				C1D1F8AE2AB2483C00548639 /* UserViewModel.swift in Sources */,
				C1D1F8B32AB24BEA00548639 /* HomeTableViewCell.swift in Sources */,
				C1FAA3122AB262E00072B7E7 /* UserDetailCoordinator.swift in Sources */,
				C16C59882AB1F0C100B2575E /* HomeViewModel.swift in Sources */,
			);
			runOnlyForDeploymentPostprocessing = 0;
		};
		C16C595E2AB1E98F00B2575E /* Sources */ = {
			isa = PBXSourcesBuildPhase;
			buildActionMask = 2147483647;
			files = (
				C18999682AB28B5B009EC23B /* RepositoryViewModel.swift in Sources */,
				C18999642AB28876009EC23B /* RepositoriesViewModel.swift in Sources */,
				C1FAA3022AB25DCF0072B7E7 /* UserDetailViewModel.swift in Sources */,
				C16C59692AB1E98F00B2575E /* desafio_carrefourUITestsLaunchTests.swift in Sources */,
				C18999702AB28C97009EC23B /* RepositoriesViewController.swift in Sources */,
				C18999602AB286D0009EC23B /* Repository.swift in Sources */,
				C1FAA30B2AB261800072B7E7 /* UserDetailViewController.swift in Sources */,
				C16C59852AB1EF3800B2575E /* HomeCoordinator.swift in Sources */,
				C1FAA3172AB281CA0072B7E7 /* String.swift in Sources */,
				C1FAA3042AB25DD30072B7E7 /* UserDetail.swift in Sources */,
				C1D1F8AB2AB23D7A00548639 /* User.swift in Sources */,
				C16C59672AB1E98F00B2575E /* desafio_carrefourUITests.swift in Sources */,
				C16C59892AB1F0C100B2575E /* HomeViewModel.swift in Sources */,
				C1FAA3072AB25DE00072B7E7 /* UIColor.swift in Sources */,
				C18999782AB28E1F009EC23B /* RepositoriesCoordinator.swift in Sources */,
				C1D1F8AF2AB2483C00548639 /* UserViewModel.swift in Sources */,
				C1D1F8B42AB24BEA00548639 /* HomeTableViewCell.swift in Sources */,
				C1FAA3132AB262E00072B7E7 /* UserDetailCoordinator.swift in Sources */,
				C16C597D2AB1EDD000B2575E /* HomeViewController.swift in Sources */,
			);
			runOnlyForDeploymentPostprocessing = 0;
		};
/* End PBXSourcesBuildPhase section */

/* Begin PBXTargetDependency section */
		C16C595A2AB1E98F00B2575E /* PBXTargetDependency */ = {
			isa = PBXTargetDependency;
			target = C16C59412AB1E98C00B2575E /* desafio-carrefour */;
			targetProxy = C16C59592AB1E98F00B2575E /* PBXContainerItemProxy */;
		};
		C16C59642AB1E98F00B2575E /* PBXTargetDependency */ = {
			isa = PBXTargetDependency;
			target = C16C59412AB1E98C00B2575E /* desafio-carrefour */;
			targetProxy = C16C59632AB1E98F00B2575E /* PBXContainerItemProxy */;
		};
/* End PBXTargetDependency section */

/* Begin PBXVariantGroup section */
		C16C59502AB1E98E00B2575E /* LaunchScreen.storyboard */ = {
			isa = PBXVariantGroup;
			children = (
				C16C59512AB1E98E00B2575E /* Base */,
			);
			name = LaunchScreen.storyboard;
			sourceTree = "<group>";
		};
/* End PBXVariantGroup section */

/* Begin XCBuildConfiguration section */
		C16C596A2AB1E98F00B2575E /* Debug */ = {
			isa = XCBuildConfiguration;
			buildSettings = {
				ALWAYS_SEARCH_USER_PATHS = NO;
				CLANG_ANALYZER_NONNULL = YES;
				CLANG_ANALYZER_NUMBER_OBJECT_CONVERSION = YES_AGGRESSIVE;
				CLANG_CXX_LANGUAGE_STANDARD = "gnu++20";
				CLANG_ENABLE_MODULES = YES;
				CLANG_ENABLE_OBJC_ARC = YES;
				CLANG_ENABLE_OBJC_WEAK = YES;
				CLANG_WARN_BLOCK_CAPTURE_AUTORELEASING = YES;
				CLANG_WARN_BOOL_CONVERSION = YES;
				CLANG_WARN_COMMA = YES;
				CLANG_WARN_CONSTANT_CONVERSION = YES;
				CLANG_WARN_DEPRECATED_OBJC_IMPLEMENTATIONS = YES;
				CLANG_WARN_DIRECT_OBJC_ISA_USAGE = YES_ERROR;
				CLANG_WARN_DOCUMENTATION_COMMENTS = YES;
				CLANG_WARN_EMPTY_BODY = YES;
				CLANG_WARN_ENUM_CONVERSION = YES;
				CLANG_WARN_INFINITE_RECURSION = YES;
				CLANG_WARN_INT_CONVERSION = YES;
				CLANG_WARN_NON_LITERAL_NULL_CONVERSION = YES;
				CLANG_WARN_OBJC_IMPLICIT_RETAIN_SELF = YES;
				CLANG_WARN_OBJC_LITERAL_CONVERSION = YES;
				CLANG_WARN_OBJC_ROOT_CLASS = YES_ERROR;
				CLANG_WARN_QUOTED_INCLUDE_IN_FRAMEWORK_HEADER = YES;
				CLANG_WARN_RANGE_LOOP_ANALYSIS = YES;
				CLANG_WARN_STRICT_PROTOTYPES = YES;
				CLANG_WARN_SUSPICIOUS_MOVE = YES;
				CLANG_WARN_UNGUARDED_AVAILABILITY = YES_AGGRESSIVE;
				CLANG_WARN_UNREACHABLE_CODE = YES;
				CLANG_WARN__DUPLICATE_METHOD_MATCH = YES;
				COPY_PHASE_STRIP = NO;
				DEBUG_INFORMATION_FORMAT = dwarf;
				ENABLE_STRICT_OBJC_MSGSEND = YES;
				ENABLE_TESTABILITY = YES;
				GCC_C_LANGUAGE_STANDARD = gnu11;
				GCC_DYNAMIC_NO_PIC = NO;
				GCC_NO_COMMON_BLOCKS = YES;
				GCC_OPTIMIZATION_LEVEL = 0;
				GCC_PREPROCESSOR_DEFINITIONS = (
					"DEBUG=1",
					"$(inherited)",
				);
				GCC_WARN_64_TO_32_BIT_CONVERSION = YES;
				GCC_WARN_ABOUT_RETURN_TYPE = YES_ERROR;
				GCC_WARN_UNDECLARED_SELECTOR = YES;
				GCC_WARN_UNINITIALIZED_AUTOS = YES_AGGRESSIVE;
				GCC_WARN_UNUSED_FUNCTION = YES;
				GCC_WARN_UNUSED_VARIABLE = YES;
				IPHONEOS_DEPLOYMENT_TARGET = 16.4;
				MTL_ENABLE_DEBUG_INFO = INCLUDE_SOURCE;
				MTL_FAST_MATH = YES;
				ONLY_ACTIVE_ARCH = YES;
				SDKROOT = iphoneos;
				SWIFT_ACTIVE_COMPILATION_CONDITIONS = DEBUG;
				SWIFT_OPTIMIZATION_LEVEL = "-Onone";
			};
			name = Debug;
		};
		C16C596B2AB1E98F00B2575E /* Release */ = {
			isa = XCBuildConfiguration;
			buildSettings = {
				ALWAYS_SEARCH_USER_PATHS = NO;
				CLANG_ANALYZER_NONNULL = YES;
				CLANG_ANALYZER_NUMBER_OBJECT_CONVERSION = YES_AGGRESSIVE;
				CLANG_CXX_LANGUAGE_STANDARD = "gnu++20";
				CLANG_ENABLE_MODULES = YES;
				CLANG_ENABLE_OBJC_ARC = YES;
				CLANG_ENABLE_OBJC_WEAK = YES;
				CLANG_WARN_BLOCK_CAPTURE_AUTORELEASING = YES;
				CLANG_WARN_BOOL_CONVERSION = YES;
				CLANG_WARN_COMMA = YES;
				CLANG_WARN_CONSTANT_CONVERSION = YES;
				CLANG_WARN_DEPRECATED_OBJC_IMPLEMENTATIONS = YES;
				CLANG_WARN_DIRECT_OBJC_ISA_USAGE = YES_ERROR;
				CLANG_WARN_DOCUMENTATION_COMMENTS = YES;
				CLANG_WARN_EMPTY_BODY = YES;
				CLANG_WARN_ENUM_CONVERSION = YES;
				CLANG_WARN_INFINITE_RECURSION = YES;
				CLANG_WARN_INT_CONVERSION = YES;
				CLANG_WARN_NON_LITERAL_NULL_CONVERSION = YES;
				CLANG_WARN_OBJC_IMPLICIT_RETAIN_SELF = YES;
				CLANG_WARN_OBJC_LITERAL_CONVERSION = YES;
				CLANG_WARN_OBJC_ROOT_CLASS = YES_ERROR;
				CLANG_WARN_QUOTED_INCLUDE_IN_FRAMEWORK_HEADER = YES;
				CLANG_WARN_RANGE_LOOP_ANALYSIS = YES;
				CLANG_WARN_STRICT_PROTOTYPES = YES;
				CLANG_WARN_SUSPICIOUS_MOVE = YES;
				CLANG_WARN_UNGUARDED_AVAILABILITY = YES_AGGRESSIVE;
				CLANG_WARN_UNREACHABLE_CODE = YES;
				CLANG_WARN__DUPLICATE_METHOD_MATCH = YES;
				COPY_PHASE_STRIP = NO;
				DEBUG_INFORMATION_FORMAT = "dwarf-with-dsym";
				ENABLE_NS_ASSERTIONS = NO;
				ENABLE_STRICT_OBJC_MSGSEND = YES;
				GCC_C_LANGUAGE_STANDARD = gnu11;
				GCC_NO_COMMON_BLOCKS = YES;
				GCC_WARN_64_TO_32_BIT_CONVERSION = YES;
				GCC_WARN_ABOUT_RETURN_TYPE = YES_ERROR;
				GCC_WARN_UNDECLARED_SELECTOR = YES;
				GCC_WARN_UNINITIALIZED_AUTOS = YES_AGGRESSIVE;
				GCC_WARN_UNUSED_FUNCTION = YES;
				GCC_WARN_UNUSED_VARIABLE = YES;
				IPHONEOS_DEPLOYMENT_TARGET = 16.4;
				MTL_ENABLE_DEBUG_INFO = NO;
				MTL_FAST_MATH = YES;
				SDKROOT = iphoneos;
				SWIFT_COMPILATION_MODE = wholemodule;
				SWIFT_OPTIMIZATION_LEVEL = "-O";
				VALIDATE_PRODUCT = YES;
			};
			name = Release;
		};
		C16C596D2AB1E98F00B2575E /* Debug */ = {
			isa = XCBuildConfiguration;
			baseConfigurationReference = 5D74B280EA7301F73C651331 /* Pods-desafio-carrefour.debug.xcconfig */;
			buildSettings = {
				ASSETCATALOG_COMPILER_APPICON_NAME = AppIcon;
				ASSETCATALOG_COMPILER_GLOBAL_ACCENT_COLOR_NAME = AccentColor;
				CODE_SIGN_STYLE = Automatic;
				CURRENT_PROJECT_VERSION = 1;
				GENERATE_INFOPLIST_FILE = YES;
				INFOPLIST_FILE = "desafio-carrefour/Info.plist";
				INFOPLIST_KEY_UIApplicationSupportsIndirectInputEvents = YES;
				INFOPLIST_KEY_UILaunchStoryboardName = LaunchScreen;
				INFOPLIST_KEY_UIMainStoryboardFile = "";
				INFOPLIST_KEY_UISupportedInterfaceOrientations_iPad = "UIInterfaceOrientationPortrait UIInterfaceOrientationPortraitUpsideDown UIInterfaceOrientationLandscapeLeft UIInterfaceOrientationLandscapeRight";
				INFOPLIST_KEY_UISupportedInterfaceOrientations_iPhone = "UIInterfaceOrientationPortrait UIInterfaceOrientationLandscapeLeft UIInterfaceOrientationLandscapeRight";
				LD_RUNPATH_SEARCH_PATHS = (
					"$(inherited)",
					"@executable_path/Frameworks",
				);
				MARKETING_VERSION = 1.0;
				PRODUCT_BUNDLE_IDENTIFIER = "awtecnologia.desafio-carrefour";
				PRODUCT_NAME = "$(TARGET_NAME)";
				SWIFT_EMIT_LOC_STRINGS = YES;
				SWIFT_VERSION = 5.0;
				TARGETED_DEVICE_FAMILY = "1,2";
			};
			name = Debug;
		};
		C16C596E2AB1E98F00B2575E /* Release */ = {
			isa = XCBuildConfiguration;
			baseConfigurationReference = 7F04A9501D68A8DC65AB72BD /* Pods-desafio-carrefour.release.xcconfig */;
			buildSettings = {
				ASSETCATALOG_COMPILER_APPICON_NAME = AppIcon;
				ASSETCATALOG_COMPILER_GLOBAL_ACCENT_COLOR_NAME = AccentColor;
				CODE_SIGN_STYLE = Automatic;
				CURRENT_PROJECT_VERSION = 1;
				GENERATE_INFOPLIST_FILE = YES;
				INFOPLIST_FILE = "desafio-carrefour/Info.plist";
				INFOPLIST_KEY_UIApplicationSupportsIndirectInputEvents = YES;
				INFOPLIST_KEY_UILaunchStoryboardName = LaunchScreen;
				INFOPLIST_KEY_UIMainStoryboardFile = "";
				INFOPLIST_KEY_UISupportedInterfaceOrientations_iPad = "UIInterfaceOrientationPortrait UIInterfaceOrientationPortraitUpsideDown UIInterfaceOrientationLandscapeLeft UIInterfaceOrientationLandscapeRight";
				INFOPLIST_KEY_UISupportedInterfaceOrientations_iPhone = "UIInterfaceOrientationPortrait UIInterfaceOrientationLandscapeLeft UIInterfaceOrientationLandscapeRight";
				LD_RUNPATH_SEARCH_PATHS = (
					"$(inherited)",
					"@executable_path/Frameworks",
				);
				MARKETING_VERSION = 1.0;
				PRODUCT_BUNDLE_IDENTIFIER = "awtecnologia.desafio-carrefour";
				PRODUCT_NAME = "$(TARGET_NAME)";
				SWIFT_EMIT_LOC_STRINGS = YES;
				SWIFT_VERSION = 5.0;
				TARGETED_DEVICE_FAMILY = "1,2";
			};
			name = Release;
		};
		C16C59702AB1E98F00B2575E /* Debug */ = {
			isa = XCBuildConfiguration;
			buildSettings = {
				ALWAYS_EMBED_SWIFT_STANDARD_LIBRARIES = YES;
				BUNDLE_LOADER = "$(TEST_HOST)";
				CODE_SIGN_STYLE = Automatic;
				CURRENT_PROJECT_VERSION = 1;
				GENERATE_INFOPLIST_FILE = YES;
				IPHONEOS_DEPLOYMENT_TARGET = 16.4;
				MARKETING_VERSION = 1.0;
				PRODUCT_BUNDLE_IDENTIFIER = "awtecnologia.desafio-carrefourTests";
				PRODUCT_NAME = "$(TARGET_NAME)";
				SWIFT_EMIT_LOC_STRINGS = NO;
				SWIFT_VERSION = 5.0;
				TARGETED_DEVICE_FAMILY = "1,2";
				TEST_HOST = "$(BUILT_PRODUCTS_DIR)/desafio-carrefour.app/$(BUNDLE_EXECUTABLE_FOLDER_PATH)/desafio-carrefour";
			};
			name = Debug;
		};
		C16C59712AB1E98F00B2575E /* Release */ = {
			isa = XCBuildConfiguration;
			buildSettings = {
				ALWAYS_EMBED_SWIFT_STANDARD_LIBRARIES = YES;
				BUNDLE_LOADER = "$(TEST_HOST)";
				CODE_SIGN_STYLE = Automatic;
				CURRENT_PROJECT_VERSION = 1;
				GENERATE_INFOPLIST_FILE = YES;
				IPHONEOS_DEPLOYMENT_TARGET = 16.4;
				MARKETING_VERSION = 1.0;
				PRODUCT_BUNDLE_IDENTIFIER = "awtecnologia.desafio-carrefourTests";
				PRODUCT_NAME = "$(TARGET_NAME)";
				SWIFT_EMIT_LOC_STRINGS = NO;
				SWIFT_VERSION = 5.0;
				TARGETED_DEVICE_FAMILY = "1,2";
				TEST_HOST = "$(BUILT_PRODUCTS_DIR)/desafio-carrefour.app/$(BUNDLE_EXECUTABLE_FOLDER_PATH)/desafio-carrefour";
			};
			name = Release;
		};
		C16C59732AB1E98F00B2575E /* Debug */ = {
			isa = XCBuildConfiguration;
			buildSettings = {
				ALWAYS_EMBED_SWIFT_STANDARD_LIBRARIES = YES;
				CODE_SIGN_STYLE = Automatic;
				CURRENT_PROJECT_VERSION = 1;
				GENERATE_INFOPLIST_FILE = YES;
				MARKETING_VERSION = 1.0;
				PRODUCT_BUNDLE_IDENTIFIER = "awtecnologia.desafio-carrefourUITests";
				PRODUCT_NAME = "$(TARGET_NAME)";
				SWIFT_EMIT_LOC_STRINGS = NO;
				SWIFT_VERSION = 5.0;
				TARGETED_DEVICE_FAMILY = "1,2";
				TEST_TARGET_NAME = "desafio-carrefour";
			};
			name = Debug;
		};
		C16C59742AB1E98F00B2575E /* Release */ = {
			isa = XCBuildConfiguration;
			buildSettings = {
				ALWAYS_EMBED_SWIFT_STANDARD_LIBRARIES = YES;
				CODE_SIGN_STYLE = Automatic;
				CURRENT_PROJECT_VERSION = 1;
				GENERATE_INFOPLIST_FILE = YES;
				MARKETING_VERSION = 1.0;
				PRODUCT_BUNDLE_IDENTIFIER = "awtecnologia.desafio-carrefourUITests";
				PRODUCT_NAME = "$(TARGET_NAME)";
				SWIFT_EMIT_LOC_STRINGS = NO;
				SWIFT_VERSION = 5.0;
				TARGETED_DEVICE_FAMILY = "1,2";
				TEST_TARGET_NAME = "desafio-carrefour";
			};
			name = Release;
		};
/* End XCBuildConfiguration section */

/* Begin XCConfigurationList section */
		C16C593D2AB1E98C00B2575E /* Build configuration list for PBXProject "desafio-carrefour" */ = {
			isa = XCConfigurationList;
			buildConfigurations = (
				C16C596A2AB1E98F00B2575E /* Debug */,
				C16C596B2AB1E98F00B2575E /* Release */,
			);
			defaultConfigurationIsVisible = 0;
			defaultConfigurationName = Release;
		};
		C16C596C2AB1E98F00B2575E /* Build configuration list for PBXNativeTarget "desafio-carrefour" */ = {
			isa = XCConfigurationList;
			buildConfigurations = (
				C16C596D2AB1E98F00B2575E /* Debug */,
				C16C596E2AB1E98F00B2575E /* Release */,
			);
			defaultConfigurationIsVisible = 0;
			defaultConfigurationName = Release;
		};
		C16C596F2AB1E98F00B2575E /* Build configuration list for PBXNativeTarget "desafio-carrefourTests" */ = {
			isa = XCConfigurationList;
			buildConfigurations = (
				C16C59702AB1E98F00B2575E /* Debug */,
				C16C59712AB1E98F00B2575E /* Release */,
			);
			defaultConfigurationIsVisible = 0;
			defaultConfigurationName = Release;
		};
		C16C59722AB1E98F00B2575E /* Build configuration list for PBXNativeTarget "desafio-carrefourUITests" */ = {
			isa = XCConfigurationList;
			buildConfigurations = (
				C16C59732AB1E98F00B2575E /* Debug */,
				C16C59742AB1E98F00B2575E /* Release */,
			);
			defaultConfigurationIsVisible = 0;
			defaultConfigurationName = Release;
		};
/* End XCConfigurationList section */
	};
	rootObject = C16C593A2AB1E98C00B2575E /* Project object */;
}
